Microsoft Visual Studio Solution File, Format Version 12.00
# Visual Studio 15
VisualStudioVersion = 15.0.26124.0
MinimumVisualStudioVersion = 15.0.26124.0
Project("{9A19103F-16F7-4668-BE54-9A1E7A4F7556}") = "LotteryService", "LotteryService\LotteryService.csproj", "{DF7B4330-6594-44CE-BA0C-33AE4AE49121}"
EndProject
Project("{9A19103F-16F7-4668-BE54-9A1E7A4F7556}") = "LotteryService.Tests", "LotteryService.Tests\LotteryService.Tests.csproj", "{61FFB689-2310-4C90-AE80-9DD68486F735}"
EndProject
Global
	GlobalSection(SolutionConfigurationPlatforms) = preSolution
		Debug|Any CPU = Debug|Any CPU
		Debug|x64 = Debug|x64
		Debug|x86 = Debug|x86
		Release|Any CPU = Release|Any CPU
		Release|x64 = Release|x64
		Release|x86 = Release|x86
	EndGlobalSection
	GlobalSection(ProjectConfigurationPlatforms) = postSolution
		{DF7B4330-6594-44CE-BA0C-33AE4AE49121}.Debug|Any CPU.ActiveCfg = Debug|Any CPU
		{DF7B4330-6594-44CE-BA0C-33AE4AE49121}.Debug|Any CPU.Build.0 = Debug|Any CPU
		{DF7B4330-6594-44CE-BA0C-33AE4AE49121}.Debug|x64.ActiveCfg = Debug|Any CPU
		{DF7B4330-6594-44CE-BA0C-33AE4AE49121}.Debug|x64.Build.0 = Debug|Any CPU
		{DF7B4330-6594-44CE-BA0C-33AE4AE49121}.Debug|x86.ActiveCfg = Debug|Any CPU
		{DF7B4330-6594-44CE-BA0C-33AE4AE49121}.Debug|x86.Build.0 = Debug|Any CPU
		{DF7B4330-6594-44CE-BA0C-33AE4AE49121}.Release|Any CPU.ActiveCfg = Release|Any CPU
		{DF7B4330-6594-44CE-BA0C-33AE4AE49121}.Release|Any CPU.Build.0 = Release|Any CPU
		{DF7B4330-6594-44CE-BA0C-33AE4AE49121}.Release|x64.ActiveCfg = Release|Any CPU
		{DF7B4330-6594-44CE-BA0C-33AE4AE49121}.Release|x64.Build.0 = Release|Any CPU
		{DF7B4330-6594-44CE-BA0C-33AE4AE49121}.Release|x86.ActiveCfg = Release|Any CPU
		{DF7B4330-6594-44CE-BA0C-33AE4AE49121}.Release|x86.Build.0 = Release|Any CPU
		{61FFB689-2310-4C90-AE80-9DD68486F735}.Debug|Any CPU.ActiveCfg = Debug|Any CPU
		{61FFB689-2310-4C90-AE80-9DD68486F735}.Debug|Any CPU.Build.0 = Debug|Any CPU
		{61FFB689-2310-4C90-AE80-9DD68486F735}.Debug|x64.ActiveCfg = Debug|Any CPU
		{61FFB689-2310-4C90-AE80-9DD68486F735}.Debug|x64.Build.0 = Debug|Any CPU
		{61FFB689-2310-4C90-AE80-9DD68486F735}.Debug|x86.ActiveCfg = Debug|Any CPU
		{61FFB689-2310-4C90-AE80-9DD68486F735}.Debug|x86.Build.0 = Debug|Any CPU
		{61FFB689-2310-4C90-AE80-9DD68486F735}.Release|Any CPU.ActiveCfg = Release|Any CPU
		{61FFB689-2310-4C90-AE80-9DD68486F735}.Release|Any CPU.Build.0 = Release|Any CPU
		{61FFB689-2310-4C90-AE80-9DD68486F735}.Release|x64.ActiveCfg = Release|Any CPU
		{61FFB689-2310-4C90-AE80-9DD68486F735}.Release|x64.Build.0 = Release|Any CPU
		{61FFB689-2310-4C90-AE80-9DD68486F735}.Release|x86.ActiveCfg = Release|Any CPU
		{61FFB689-2310-4C90-AE80-9DD68486F735}.Release|x86.Build.0 = Release|Any CPU
	EndGlobalSection
	GlobalSection(SolutionProperties) = preSolution
		HideSolutionNode = FALSE
	EndGlobalSection
	GlobalSection(ExtensibilityGlobals) = postSolution
		SolutionGuid = {F2ECB9B1-6F4A-4C5B-8CAD-DE7170470D7F}
	EndGlobalSection
EndGlobal
